
Microsoft Visual Studio Solution File, Format Version 12.00
# Visual Studio Version 17
VisualStudioVersion = 17.0.32002.185
MinimumVisualStudioVersion = 10.0.40219.1
Project("{FAE04EC0-301F-11D3-BF4B-00C04F79EFBC}") = "Recover Password", "Recover Password.csproj", "{F4A5F88D-0C1E-430E-A7CB-E51B4ED2CFAC}"
EndProject
Global
	GlobalSection(SolutionConfigurationPlatforms) = preSolution
		Debug|Any CPU = Debug|Any CPU
		Release|Any CPU = Release|Any CPU
	EndGlobalSection
	GlobalSection(ProjectConfigurationPlatforms) = postSolution
		{F4A5F88D-0C1E-430E-A7CB-E51B4ED2CFAC}.Debug|Any CPU.ActiveCfg = Debug|Any CPU
		{F4A5F88D-0C1E-430E-A7CB-E51B4ED2CFAC}.Debug|Any CPU.Build.0 = Debug|Any CPU
		{F4A5F88D-0C1E-430E-A7CB-E51B4ED2CFAC}.Release|Any CPU.ActiveCfg = Release|Any CPU
		{F4A5F88D-0C1E-430E-A7CB-E51B4ED2CFAC}.Release|Any CPU.Build.0 = Release|Any CPU
	EndGlobalSection
	GlobalSection(SolutionProperties) = preSolution
		HideSolutionNode = FALSE
	EndGlobalSection
	GlobalSection(ExtensibilityGlobals) = postSolution
		SolutionGuid = {440B6852-2B3B-4028-86FB-7301004F4BDC}
	EndGlobalSection
EndGlobal
